
Microsoft Visual Studio Solution File, Format Version 12.00
# Visual Studio Version 17
VisualStudioVersion = 17.5.002.0
MinimumVisualStudioVersion = 10.0.40219.1
Project("{9A19103F-16F7-4668-BE54-9A1E7A4F7556}") = "surpresinha", "surpresinha.csproj", "{1319D59E-15A1-4D8B-979D-6FEE019EBB65}"
EndProject
Global
	GlobalSection(SolutionConfigurationPlatforms) = preSolution
		Debug|Any CPU = Debug|Any CPU
		Release|Any CPU = Release|Any CPU
	EndGlobalSection
	GlobalSection(ProjectConfigurationPlatforms) = postSolution
		{1319D59E-15A1-4D8B-979D-6FEE019EBB65}.Debug|Any CPU.ActiveCfg = Debug|Any CPU
		{1319D59E-15A1-4D8B-979D-6FEE019EBB65}.Debug|Any CPU.Build.0 = Debug|Any CPU
		{1319D59E-15A1-4D8B-979D-6FEE019EBB65}.Release|Any CPU.ActiveCfg = Release|Any CPU
		{1319D59E-15A1-4D8B-979D-6FEE019EBB65}.Release|Any CPU.Build.0 = Release|Any CPU
	EndGlobalSection
	GlobalSection(SolutionProperties) = preSolution
		HideSolutionNode = FALSE
	EndGlobalSection
	GlobalSection(ExtensibilityGlobals) = postSolution
		SolutionGuid = {A0289346-2776-4352-A5D4-7B06308DDEDD}
	EndGlobalSection
EndGlobal
